// !$*UTF8*$!
{
	archiveVersion = 1;
	classes = {
	};
	objectVersion = 50;
	objects = {

/* Begin PBXBuildFile section */
		C301CFBD21DE73490089F770 /* NSOpenPanel.swift in Sources */ = {isa = PBXBuildFile; fileRef = C301CFBC21DE73490089F770 /* NSOpenPanel.swift */; };
		C304C76321D79EB30090B389 /* FlatBuffersSwift.framework in Frameworks */ = {isa = PBXBuildFile; fileRef = C304C76221D79EB30090B389 /* FlatBuffersSwift.framework */; };
		C304C76521D79EC30090B389 /* FlatBuffersSwift.framework in Frameworks */ = {isa = PBXBuildFile; fileRef = C304C76421D79EC30090B389 /* FlatBuffersSwift.framework */; };
		C304C76B21D7A0C50090B389 /* FlatBuffersSwift.framework.dSYM in Carthage */ = {isa = PBXBuildFile; fileRef = C304C76A21D7A0C50090B389 /* FlatBuffersSwift.framework.dSYM */; };
		C304C76D21D7A16A0090B389 /* FlatBuffersSwift.framework in Carthage */ = {isa = PBXBuildFile; fileRef = C304C76C21D7A16A0090B389 /* FlatBuffersSwift.framework */; };
		C330531E21B1AC9E00A77CA2 /* Dawg.h in Headers */ = {isa = PBXBuildFile; fileRef = C330531021B1AC9E00A77CA2 /* Dawg.h */; settings = {ATTRIBUTES = (Public, ); }; };
		C330533121B1DFC600A77CA2 /* dawg.framework in Frameworks */ = {isa = PBXBuildFile; fileRef = C330530E21B1AC9E00A77CA2 /* dawg.framework */; };
		C330534621B1E17500A77CA2 /* dawg.framework in Frameworks */ = {isa = PBXBuildFile; fileRef = C330533D21B1E17400A77CA2 /* dawg.framework */; };
		C330535621B1E1DB00A77CA2 /* NodeTests.swift in Sources */ = {isa = PBXBuildFile; fileRef = C3FA7E5321B1A7EB0077C0A2 /* NodeTests.swift */; };
		C330535721B1E1DC00A77CA2 /* NodeTests.swift in Sources */ = {isa = PBXBuildFile; fileRef = C3FA7E5321B1A7EB0077C0A2 /* NodeTests.swift */; };
		C330535921B1E5D100A77CA2 /* Dawg.h in Headers */ = {isa = PBXBuildFile; fileRef = C330531021B1AC9E00A77CA2 /* Dawg.h */; settings = {ATTRIBUTES = (Public, ); }; };
		C330535D21B287DA00A77CA2 /* Trie.swift in Sources */ = {isa = PBXBuildFile; fileRef = C330535C21B287DA00A77CA2 /* Trie.swift */; };
		C330536021B28A5600A77CA2 /* Trie.swift in Sources */ = {isa = PBXBuildFile; fileRef = C330535C21B287DA00A77CA2 /* Trie.swift */; };
		C330536321B290CF00A77CA2 /* TrieTests.swift in Sources */ = {isa = PBXBuildFile; fileRef = C330536121B290CB00A77CA2 /* TrieTests.swift */; };
		C330536421B290CF00A77CA2 /* TrieTests.swift in Sources */ = {isa = PBXBuildFile; fileRef = C330536121B290CB00A77CA2 /* TrieTests.swift */; };
		C330536621B3E5A100A77CA2 /* TrieNode.swift in Sources */ = {isa = PBXBuildFile; fileRef = C330536521B3E5A100A77CA2 /* TrieNode.swift */; };
		C330536721B3E5B600A77CA2 /* TrieNode.swift in Sources */ = {isa = PBXBuildFile; fileRef = C330536521B3E5A100A77CA2 /* TrieNode.swift */; };
		C330536921B41F9800A77CA2 /* MinValueDictionary.swift in Sources */ = {isa = PBXBuildFile; fileRef = C330536821B41F9800A77CA2 /* MinValueDictionary.swift */; };
		C39372AF21DF3C340039C1EC /* FlatBuffersSwift.framework in Frameworks */ = {isa = PBXBuildFile; fileRef = C304C76C21D7A16A0090B389 /* FlatBuffersSwift.framework */; };
		C39372B921DF403B0039C1EC /* FlatBuffersSwift.framework in CopyFiles */ = {isa = PBXBuildFile; fileRef = C304C76421D79EC30090B389 /* FlatBuffersSwift.framework */; settings = {ATTRIBUTES = (CodeSignOnCopy, RemoveHeadersOnCopy, ); }; };
		C39372BE21DFA1620039C1EC /* Character.swift in Sources */ = {isa = PBXBuildFile; fileRef = C39372BD21DFA1620039C1EC /* Character.swift */; };
		C3A3591521DDE8CD00E5C755 /* AppDelegate.swift in Sources */ = {isa = PBXBuildFile; fileRef = C3A3591421DDE8CD00E5C755 /* AppDelegate.swift */; };
		C3A3591721DDE8CD00E5C755 /* ViewController.swift in Sources */ = {isa = PBXBuildFile; fileRef = C3A3591621DDE8CD00E5C755 /* ViewController.swift */; };
		C3A3591921DDE8CE00E5C755 /* Assets.xcassets in Resources */ = {isa = PBXBuildFile; fileRef = C3A3591821DDE8CE00E5C755 /* Assets.xcassets */; };
		C3A3591C21DDE8CE00E5C755 /* Main.storyboard in Resources */ = {isa = PBXBuildFile; fileRef = C3A3591A21DDE8CE00E5C755 /* Main.storyboard */; };
		C3A3592221DE654200E5C755 /* dawg.framework in Frameworks */ = {isa = PBXBuildFile; fileRef = C330530E21B1AC9E00A77CA2 /* dawg.framework */; };
		C3B78DBB21D7E0B300DFECE3 /* SerializedNodes.swift in Sources */ = {isa = PBXBuildFile; fileRef = C3B78DBA21D7E0B300DFECE3 /* SerializedNodes.swift */; };
		C3B78DBC21D7E0B300DFECE3 /* SerializedNodes.swift in Sources */ = {isa = PBXBuildFile; fileRef = C3B78DBA21D7E0B300DFECE3 /* SerializedNodes.swift */; };
		C3B78DBF21D7E2F000DFECE3 /* String.swift in Sources */ = {isa = PBXBuildFile; fileRef = C3B78DBE21D7E2F000DFECE3 /* String.swift */; };
		C3B78DC021D7E2F000DFECE3 /* String.swift in Sources */ = {isa = PBXBuildFile; fileRef = C3B78DBE21D7E2F000DFECE3 /* String.swift */; };
		C3B78DC521DC05C200DFECE3 /* Node.swift in Sources */ = {isa = PBXBuildFile; fileRef = C3B78DC421DC05C200DFECE3 /* Node.swift */; };
		C3B78DC621DC05C200DFECE3 /* Node.swift in Sources */ = {isa = PBXBuildFile; fileRef = C3B78DC421DC05C200DFECE3 /* Node.swift */; };
		C3B78DCB21DC0D5100DFECE3 /* NodeSearchTests.swift in Sources */ = {isa = PBXBuildFile; fileRef = C3B78DCA21DC0D5100DFECE3 /* NodeSearchTests.swift */; };
		C3B78DCC21DC0D5100DFECE3 /* NodeSearchTests.swift in Sources */ = {isa = PBXBuildFile; fileRef = C3B78DCA21DC0D5100DFECE3 /* NodeSearchTests.swift */; };
		C3B78DD421DD252300DFECE3 /* Array.swift in Sources */ = {isa = PBXBuildFile; fileRef = C3B78DD121DD249C00DFECE3 /* Array.swift */; };
		C3B78DD521DD252400DFECE3 /* Array.swift in Sources */ = {isa = PBXBuildFile; fileRef = C3B78DD121DD249C00DFECE3 /* Array.swift */; };
		C3C31EF321D3E7B5005A3C6C /* MinValueDictionary.swift in Sources */ = {isa = PBXBuildFile; fileRef = C330536821B41F9800A77CA2 /* MinValueDictionary.swift */; };
/* End PBXBuildFile section */

/* Begin PBXContainerItemProxy section */
		C330533221B1DFC600A77CA2 /* PBXContainerItemProxy */ = {
			isa = PBXContainerItemProxy;
			containerPortal = C3FA7E3C21B1A7EB0077C0A2 /* Project object */;
			proxyType = 1;
			remoteGlobalIDString = C330530D21B1AC9E00A77CA2;
			remoteInfo = "Dawg macOS";
		};
		C330534721B1E17500A77CA2 /* PBXContainerItemProxy */ = {
			isa = PBXContainerItemProxy;
			containerPortal = C3FA7E3C21B1A7EB0077C0A2 /* Project object */;
			proxyType = 1;
			remoteGlobalIDString = C330533C21B1E17400A77CA2;
			remoteInfo = "Dawg iOS";
		};
		C3A3592321DE678100E5C755 /* PBXContainerItemProxy */ = {
			isa = PBXContainerItemProxy;
			containerPortal = C3FA7E3C21B1A7EB0077C0A2 /* Project object */;
			proxyType = 1;
			remoteGlobalIDString = C330530D21B1AC9E00A77CA2;
			remoteInfo = "Dawg macOS";
		};
/* End PBXContainerItemProxy section */

/* Begin PBXCopyFilesBuildPhase section */
		C304C76621D79F340090B389 /* Carthage */ = {
			isa = PBXCopyFilesBuildPhase;
			buildActionMask = 2147483647;
			dstPath = "";
			dstSubfolderSpec = 16;
			files = (
				C304C76D21D7A16A0090B389 /* FlatBuffersSwift.framework in Carthage */,
				C304C76B21D7A0C50090B389 /* FlatBuffersSwift.framework.dSYM in Carthage */,
			);
			name = Carthage;
			runOnlyForDeploymentPostprocessing = 0;
		};
		C39372B621DF40020039C1EC /* CopyFiles */ = {
			isa = PBXCopyFilesBuildPhase;
			buildActionMask = 2147483647;
			dstPath = "";
			dstSubfolderSpec = 10;
			files = (
				C39372B921DF403B0039C1EC /* FlatBuffersSwift.framework in CopyFiles */,
			);
			runOnlyForDeploymentPostprocessing = 0;
		};
/* End PBXCopyFilesBuildPhase section */

/* Begin PBXFileReference section */
		C301CFBC21DE73490089F770 /* NSOpenPanel.swift */ = {isa = PBXFileReference; lastKnownFileType = sourcecode.swift; path = NSOpenPanel.swift; sourceTree = "<group>"; };
		C304C76221D79EB30090B389 /* FlatBuffersSwift.framework */ = {isa = PBXFileReference; lastKnownFileType = wrapper.framework; name = FlatBuffersSwift.framework; path = Carthage/Build/Mac/FlatBuffersSwift.framework; sourceTree = "<group>"; };
		C304C76421D79EC30090B389 /* FlatBuffersSwift.framework */ = {isa = PBXFileReference; lastKnownFileType = wrapper.framework; name = FlatBuffersSwift.framework; path = Carthage/Build/iOS/FlatBuffersSwift.framework; sourceTree = "<group>"; };
		C304C76A21D7A0C50090B389 /* FlatBuffersSwift.framework.dSYM */ = {isa = PBXFileReference; lastKnownFileType = wrapper.dsym; name = FlatBuffersSwift.framework.dSYM; path = Carthage/Build/Mac/FlatBuffersSwift.framework.dSYM; sourceTree = "<group>"; };
		C304C76C21D7A16A0090B389 /* FlatBuffersSwift.framework */ = {isa = PBXFileReference; lastKnownFileType = wrapper.framework; name = FlatBuffersSwift.framework; path = Carthage/Build/Mac/FlatBuffersSwift.framework; sourceTree = "<group>"; };
		C330530E21B1AC9E00A77CA2 /* dawg.framework */ = {isa = PBXFileReference; explicitFileType = wrapper.framework; includeInIndex = 0; path = dawg.framework; sourceTree = BUILT_PRODUCTS_DIR; };
		C330531021B1AC9E00A77CA2 /* Dawg.h */ = {isa = PBXFileReference; lastKnownFileType = sourcecode.c.h; path = Dawg.h; sourceTree = "<group>"; };
		C330532C21B1DFC600A77CA2 /* DawgTests macOS.xctest */ = {isa = PBXFileReference; explicitFileType = wrapper.cfbundle; includeInIndex = 0; path = "DawgTests macOS.xctest"; sourceTree = BUILT_PRODUCTS_DIR; };
		C330533021B1DFC600A77CA2 /* Info-macOS.plist */ = {isa = PBXFileReference; lastKnownFileType = text.plist.xml; path = "Info-macOS.plist"; sourceTree = "<group>"; };
		C330533D21B1E17400A77CA2 /* dawg.framework */ = {isa = PBXFileReference; explicitFileType = wrapper.framework; includeInIndex = 0; path = dawg.framework; sourceTree = BUILT_PRODUCTS_DIR; };
		C330534521B1E17500A77CA2 /* Dawg iOSTests.xctest */ = {isa = PBXFileReference; explicitFileType = wrapper.cfbundle; includeInIndex = 0; path = "Dawg iOSTests.xctest"; sourceTree = BUILT_PRODUCTS_DIR; };
		C330534C21B1E17500A77CA2 /* Info-iOS.plist */ = {isa = PBXFileReference; lastKnownFileType = text.plist.xml; path = "Info-iOS.plist"; sourceTree = "<group>"; };
		C330535A21B1E88100A77CA2 /* Info-iOS.plist */ = {isa = PBXFileReference; lastKnownFileType = text.plist.xml; path = "Info-iOS.plist"; sourceTree = "<group>"; };
		C330535B21B1E88100A77CA2 /* Info-macOS.plist */ = {isa = PBXFileReference; lastKnownFileType = text.plist.xml; path = "Info-macOS.plist"; sourceTree = "<group>"; };
		C330535C21B287DA00A77CA2 /* Trie.swift */ = {isa = PBXFileReference; lastKnownFileType = sourcecode.swift; path = Trie.swift; sourceTree = "<group>"; };
		C330536121B290CB00A77CA2 /* TrieTests.swift */ = {isa = PBXFileReference; lastKnownFileType = sourcecode.swift; path = TrieTests.swift; sourceTree = "<group>"; };
		C330536521B3E5A100A77CA2 /* TrieNode.swift */ = {isa = PBXFileReference; lastKnownFileType = sourcecode.swift; path = TrieNode.swift; sourceTree = "<group>"; };
		C330536821B41F9800A77CA2 /* MinValueDictionary.swift */ = {isa = PBXFileReference; lastKnownFileType = sourcecode.swift; path = MinValueDictionary.swift; sourceTree = "<group>"; };
		C39372BD21DFA1620039C1EC /* Character.swift */ = {isa = PBXFileReference; lastKnownFileType = sourcecode.swift; path = Character.swift; sourceTree = "<group>"; };
		C3A3591221DDE8CD00E5C755 /* DawgConvert.app */ = {isa = PBXFileReference; explicitFileType = wrapper.application; includeInIndex = 0; path = DawgConvert.app; sourceTree = BUILT_PRODUCTS_DIR; };
		C3A3591421DDE8CD00E5C755 /* AppDelegate.swift */ = {isa = PBXFileReference; lastKnownFileType = sourcecode.swift; path = AppDelegate.swift; sourceTree = "<group>"; };
		C3A3591621DDE8CD00E5C755 /* ViewController.swift */ = {isa = PBXFileReference; lastKnownFileType = sourcecode.swift; path = ViewController.swift; sourceTree = "<group>"; };
		C3A3591821DDE8CE00E5C755 /* Assets.xcassets */ = {isa = PBXFileReference; lastKnownFileType = folder.assetcatalog; path = Assets.xcassets; sourceTree = "<group>"; };
		C3A3591B21DDE8CE00E5C755 /* Base */ = {isa = PBXFileReference; lastKnownFileType = file.storyboard; name = Base; path = Base.lproj/Main.storyboard; sourceTree = "<group>"; };
		C3A3591D21DDE8CE00E5C755 /* Info.plist */ = {isa = PBXFileReference; lastKnownFileType = text.plist.xml; path = Info.plist; sourceTree = "<group>"; };
		C3A3591E21DDE8CE00E5C755 /* DawgConvert.entitlements */ = {isa = PBXFileReference; lastKnownFileType = text.plist.entitlements; path = DawgConvert.entitlements; sourceTree = "<group>"; };
		C3B78DB421D7DC5200DFECE3 /* Generate.sh */ = {isa = PBXFileReference; lastKnownFileType = text.script.sh; path = Generate.sh; sourceTree = "<group>"; };
		C3B78DB521D7DC5200DFECE3 /* Node.fbs */ = {isa = PBXFileReference; lastKnownFileType = text; path = Node.fbs; sourceTree = "<group>"; };
		C3B78DBA21D7E0B300DFECE3 /* SerializedNodes.swift */ = {isa = PBXFileReference; fileEncoding = 4; lastKnownFileType = sourcecode.swift; path = SerializedNodes.swift; sourceTree = "<group>"; };
		C3B78DBE21D7E2F000DFECE3 /* String.swift */ = {isa = PBXFileReference; lastKnownFileType = sourcecode.swift; path = String.swift; sourceTree = "<group>"; };
		C3B78DC421DC05C200DFECE3 /* Node.swift */ = {isa = PBXFileReference; lastKnownFileType = sourcecode.swift; path = Node.swift; sourceTree = "<group>"; };
		C3B78DCA21DC0D5100DFECE3 /* NodeSearchTests.swift */ = {isa = PBXFileReference; lastKnownFileType = sourcecode.swift; path = NodeSearchTests.swift; sourceTree = "<group>"; };
		C3B78DD121DD249C00DFECE3 /* Array.swift */ = {isa = PBXFileReference; lastKnownFileType = sourcecode.swift; path = Array.swift; sourceTree = "<group>"; };
		C3FA7E5321B1A7EB0077C0A2 /* NodeTests.swift */ = {isa = PBXFileReference; lastKnownFileType = sourcecode.swift; path = NodeTests.swift; sourceTree = "<group>"; };
/* End PBXFileReference section */

/* Begin PBXFrameworksBuildPhase section */
		C330530B21B1AC9E00A77CA2 /* Frameworks */ = {
			isa = PBXFrameworksBuildPhase;
			buildActionMask = 2147483647;
			files = (
				C304C76321D79EB30090B389 /* FlatBuffersSwift.framework in Frameworks */,
			);
			runOnlyForDeploymentPostprocessing = 0;
		};
		C330532921B1DFC600A77CA2 /* Frameworks */ = {
			isa = PBXFrameworksBuildPhase;
			buildActionMask = 2147483647;
			files = (
				C330533121B1DFC600A77CA2 /* dawg.framework in Frameworks */,
			);
			runOnlyForDeploymentPostprocessing = 0;
		};
		C330533A21B1E17400A77CA2 /* Frameworks */ = {
			isa = PBXFrameworksBuildPhase;
			buildActionMask = 2147483647;
			files = (
				C304C76521D79EC30090B389 /* FlatBuffersSwift.framework in Frameworks */,
			);
			runOnlyForDeploymentPostprocessing = 0;
		};
		C330534221B1E17500A77CA2 /* Frameworks */ = {
			isa = PBXFrameworksBuildPhase;
			buildActionMask = 2147483647;
			files = (
				C330534621B1E17500A77CA2 /* dawg.framework in Frameworks */,
				C39372AF21DF3C340039C1EC /* FlatBuffersSwift.framework in Frameworks */,
			);
			runOnlyForDeploymentPostprocessing = 0;
		};
		C3A3590F21DDE8CD00E5C755 /* Frameworks */ = {
			isa = PBXFrameworksBuildPhase;
			buildActionMask = 2147483647;
			files = (
				C3A3592221DE654200E5C755 /* dawg.framework in Frameworks */,
			);
			runOnlyForDeploymentPostprocessing = 0;
		};
/* End PBXFrameworksBuildPhase section */

/* Begin PBXGroup section */
		C304C76121D79EB20090B389 /* Frameworks */ = {
			isa = PBXGroup;
			children = (
				C304C76421D79EC30090B389 /* FlatBuffersSwift.framework */,
				C304C76221D79EB30090B389 /* FlatBuffersSwift.framework */,
			);
			name = Frameworks;
			sourceTree = "<group>";
		};
		C304C76E21D7A1950090B389 /* Resources */ = {
			isa = PBXGroup;
			children = (
				C304C76C21D7A16A0090B389 /* FlatBuffersSwift.framework */,
				C304C76A21D7A0C50090B389 /* FlatBuffersSwift.framework.dSYM */,
			);
			name = Resources;
			sourceTree = "<group>";
		};
		C3A3591321DDE8CD00E5C755 /* DawgConvert */ = {
			isa = PBXGroup;
			children = (
				C3A3591421DDE8CD00E5C755 /* AppDelegate.swift */,
				C3A3591621DDE8CD00E5C755 /* ViewController.swift */,
				C3A3591821DDE8CE00E5C755 /* Assets.xcassets */,
				C3A3591A21DDE8CE00E5C755 /* Main.storyboard */,
				C3A3591D21DDE8CE00E5C755 /* Info.plist */,
				C3A3591E21DDE8CE00E5C755 /* DawgConvert.entitlements */,
				C301CFBC21DE73490089F770 /* NSOpenPanel.swift */,
			);
			path = DawgConvert;
			sourceTree = "<group>";
		};
		C3B78DB321D7DACB00DFECE3 /* Generate */ = {
			isa = PBXGroup;
			children = (
				C3B78DB421D7DC5200DFECE3 /* Generate.sh */,
				C3B78DB521D7DC5200DFECE3 /* Node.fbs */,
			);
			path = Generate;
			sourceTree = "<group>";
		};
		C3B78DB621D7DC7500DFECE3 /* Generated */ = {
			isa = PBXGroup;
			children = (
				C3B78DBA21D7E0B300DFECE3 /* SerializedNodes.swift */,
			);
			path = Generated;
			sourceTree = "<group>";
		};
		C3B78DBD21D7E2E300DFECE3 /* Extensions */ = {
			isa = PBXGroup;
			children = (
				C3B78DBE21D7E2F000DFECE3 /* String.swift */,
				C3B78DD121DD249C00DFECE3 /* Array.swift */,
				C39372BD21DFA1620039C1EC /* Character.swift */,
			);
			path = Extensions;
			sourceTree = "<group>";
		};
		C3FA7E3B21B1A7EB0077C0A2 = {
			isa = PBXGroup;
			children = (
				C3B78DB321D7DACB00DFECE3 /* Generate */,
				C304C76E21D7A1950090B389 /* Resources */,
				C3FA7E4721B1A7EB0077C0A2 /* Sources */,
				C3FA7E5221B1A7EB0077C0A2 /* Tests */,
				C3A3591321DDE8CD00E5C755 /* DawgConvert */,
				C3FA7E4621B1A7EB0077C0A2 /* Products */,
				C304C76121D79EB20090B389 /* Frameworks */,
			);
			sourceTree = "<group>";
		};
		C3FA7E4621B1A7EB0077C0A2 /* Products */ = {
			isa = PBXGroup;
			children = (
				C330530E21B1AC9E00A77CA2 /* dawg.framework */,
				C330532C21B1DFC600A77CA2 /* DawgTests macOS.xctest */,
				C330533D21B1E17400A77CA2 /* dawg.framework */,
				C330534521B1E17500A77CA2 /* Dawg iOSTests.xctest */,
				C3A3591221DDE8CD00E5C755 /* DawgConvert.app */,
			);
			name = Products;
			sourceTree = "<group>";
		};
		C3FA7E4721B1A7EB0077C0A2 /* Sources */ = {
			isa = PBXGroup;
			children = (
				C3B78DBD21D7E2E300DFECE3 /* Extensions */,
				C3B78DB621D7DC7500DFECE3 /* Generated */,
				C330535A21B1E88100A77CA2 /* Info-iOS.plist */,
				C330535B21B1E88100A77CA2 /* Info-macOS.plist */,
				C330531021B1AC9E00A77CA2 /* Dawg.h */,
				C330535C21B287DA00A77CA2 /* Trie.swift */,
				C330536521B3E5A100A77CA2 /* TrieNode.swift */,
				C3B78DC421DC05C200DFECE3 /* Node.swift */,
				C330536821B41F9800A77CA2 /* MinValueDictionary.swift */,
			);
			path = Sources;
			sourceTree = "<group>";
		};
		C3FA7E5221B1A7EB0077C0A2 /* Tests */ = {
			isa = PBXGroup;
			children = (
				C330533021B1DFC600A77CA2 /* Info-macOS.plist */,
				C330534C21B1E17500A77CA2 /* Info-iOS.plist */,
				C330536121B290CB00A77CA2 /* TrieTests.swift */,
				C3FA7E5321B1A7EB0077C0A2 /* NodeTests.swift */,
				C3B78DCA21DC0D5100DFECE3 /* NodeSearchTests.swift */,
			);
			path = Tests;
			sourceTree = "<group>";
		};
/* End PBXGroup section */

/* Begin PBXHeadersBuildPhase section */
		C330530921B1AC9E00A77CA2 /* Headers */ = {
			isa = PBXHeadersBuildPhase;
			buildActionMask = 2147483647;
			files = (
				C330531E21B1AC9E00A77CA2 /* Dawg.h in Headers */,
			);
			runOnlyForDeploymentPostprocessing = 0;
		};
		C330533821B1E17400A77CA2 /* Headers */ = {
			isa = PBXHeadersBuildPhase;
			buildActionMask = 2147483647;
			files = (
				C330535921B1E5D100A77CA2 /* Dawg.h in Headers */,
			);
			runOnlyForDeploymentPostprocessing = 0;
		};
/* End PBXHeadersBuildPhase section */

/* Begin PBXNativeTarget section */
		C330530D21B1AC9E00A77CA2 /* Dawg macOS */ = {
			isa = PBXNativeTarget;
			buildConfigurationList = C330531F21B1AC9E00A77CA2 /* Build configuration list for PBXNativeTarget "Dawg macOS" */;
			buildPhases = (
				C330530921B1AC9E00A77CA2 /* Headers */,
				C330530A21B1AC9E00A77CA2 /* Sources */,
				C330530B21B1AC9E00A77CA2 /* Frameworks */,
				C330530C21B1AC9E00A77CA2 /* Resources */,
				C330535F21B28A3B00A77CA2 /* SwiftLint */,
				C304C76621D79F340090B389 /* Carthage */,
			);
			buildRules = (
			);
			dependencies = (
			);
			name = "Dawg macOS";
			productName = "Dawg macOS";
			productReference = C330530E21B1AC9E00A77CA2 /* dawg.framework */;
			productType = "com.apple.product-type.framework";
		};
		C330532B21B1DFC600A77CA2 /* DawgTests macOS */ = {
			isa = PBXNativeTarget;
			buildConfigurationList = C330533421B1DFC600A77CA2 /* Build configuration list for PBXNativeTarget "DawgTests macOS" */;
			buildPhases = (
				C330532821B1DFC600A77CA2 /* Sources */,
				C330532921B1DFC600A77CA2 /* Frameworks */,
				C330532A21B1DFC600A77CA2 /* Resources */,
			);
			buildRules = (
			);
			dependencies = (
				C330533321B1DFC600A77CA2 /* PBXTargetDependency */,
			);
			name = "DawgTests macOS";
			productName = "DawgTests macOS";
			productReference = C330532C21B1DFC600A77CA2 /* DawgTests macOS.xctest */;
			productType = "com.apple.product-type.bundle.unit-test";
		};
		C330533C21B1E17400A77CA2 /* Dawg iOS */ = {
			isa = PBXNativeTarget;
			buildConfigurationList = C330534E21B1E17500A77CA2 /* Build configuration list for PBXNativeTarget "Dawg iOS" */;
			buildPhases = (
				C330533821B1E17400A77CA2 /* Headers */,
				C330533921B1E17400A77CA2 /* Sources */,
				C330533A21B1E17400A77CA2 /* Frameworks */,
				C330533B21B1E17400A77CA2 /* Resources */,
				C330535E21B28A1200A77CA2 /* SwiftLint */,
				C304C76921D79FA50090B389 /* Carthage */,
			);
			buildRules = (
			);
			dependencies = (
			);
			name = "Dawg iOS";
			productName = "Dawg iOS";
			productReference = C330533D21B1E17400A77CA2 /* dawg.framework */;
			productType = "com.apple.product-type.framework";
		};
		C330534421B1E17500A77CA2 /* Dawg iOSTests */ = {
			isa = PBXNativeTarget;
			buildConfigurationList = C330535121B1E17500A77CA2 /* Build configuration list for PBXNativeTarget "Dawg iOSTests" */;
			buildPhases = (
				C330534121B1E17500A77CA2 /* Sources */,
				C330534221B1E17500A77CA2 /* Frameworks */,
				C330534321B1E17500A77CA2 /* Resources */,
				C39372B621DF40020039C1EC /* CopyFiles */,
			);
			buildRules = (
			);
			dependencies = (
				C330534821B1E17500A77CA2 /* PBXTargetDependency */,
			);
			name = "Dawg iOSTests";
			productName = "Dawg iOSTests";
			productReference = C330534521B1E17500A77CA2 /* Dawg iOSTests.xctest */;
			productType = "com.apple.product-type.bundle.unit-test";
		};
		C3A3591121DDE8CD00E5C755 /* DawgConvert */ = {
			isa = PBXNativeTarget;
			buildConfigurationList = C3A3592121DDE8CE00E5C755 /* Build configuration list for PBXNativeTarget "DawgConvert" */;
			buildPhases = (
				C3A3590E21DDE8CD00E5C755 /* Sources */,
				C3A3590F21DDE8CD00E5C755 /* Frameworks */,
				C3A3591021DDE8CD00E5C755 /* Resources */,
			);
			buildRules = (
			);
			dependencies = (
				C3A3592421DE678100E5C755 /* PBXTargetDependency */,
			);
			name = DawgConvert;
			productName = DawgConvert;
			productReference = C3A3591221DDE8CD00E5C755 /* DawgConvert.app */;
			productType = "com.apple.product-type.application";
		};
/* End PBXNativeTarget section */

/* Begin PBXProject section */
		C3FA7E3C21B1A7EB0077C0A2 /* Project object */ = {
			isa = PBXProject;
			attributes = {
				LastSwiftUpdateCheck = 1010;
				LastUpgradeCheck = 1010;
				ORGANIZATIONNAME = "Henrik Akesson";
				TargetAttributes = {
					C330530D21B1AC9E00A77CA2 = {
						CreatedOnToolsVersion = 10.1;
					};
					C330532B21B1DFC600A77CA2 = {
						CreatedOnToolsVersion = 10.1;
					};
					C330533C21B1E17400A77CA2 = {
						CreatedOnToolsVersion = 10.1;
					};
					C330534421B1E17500A77CA2 = {
						CreatedOnToolsVersion = 10.1;
					};
					C3A3591121DDE8CD00E5C755 = {
						CreatedOnToolsVersion = 10.1;
					};
				};
			};
			buildConfigurationList = C3FA7E3F21B1A7EB0077C0A2 /* Build configuration list for PBXProject "dawg" */;
			compatibilityVersion = "Xcode 9.3";
			developmentRegion = en;
			hasScannedForEncodings = 0;
			knownRegions = (
				en,
				Base,
			);
			mainGroup = C3FA7E3B21B1A7EB0077C0A2;
			productRefGroup = C3FA7E4621B1A7EB0077C0A2 /* Products */;
			projectDirPath = "";
			projectRoot = "";
			targets = (
				C330530D21B1AC9E00A77CA2 /* Dawg macOS */,
				C330532B21B1DFC600A77CA2 /* DawgTests macOS */,
				C330533C21B1E17400A77CA2 /* Dawg iOS */,
				C330534421B1E17500A77CA2 /* Dawg iOSTests */,
				C3A3591121DDE8CD00E5C755 /* DawgConvert */,
			);
		};
/* End PBXProject section */

/* Begin PBXResourcesBuildPhase section */
		C330530C21B1AC9E00A77CA2 /* Resources */ = {
			isa = PBXResourcesBuildPhase;
			buildActionMask = 2147483647;
			files = (
			);
			runOnlyForDeploymentPostprocessing = 0;
		};
		C330532A21B1DFC600A77CA2 /* Resources */ = {
			isa = PBXResourcesBuildPhase;
			buildActionMask = 2147483647;
			files = (
			);
			runOnlyForDeploymentPostprocessing = 0;
		};
		C330533B21B1E17400A77CA2 /* Resources */ = {
			isa = PBXResourcesBuildPhase;
			buildActionMask = 2147483647;
			files = (
			);
			runOnlyForDeploymentPostprocessing = 0;
		};
		C330534321B1E17500A77CA2 /* Resources */ = {
			isa = PBXResourcesBuildPhase;
			buildActionMask = 2147483647;
			files = (
			);
			runOnlyForDeploymentPostprocessing = 0;
		};
		C3A3591021DDE8CD00E5C755 /* Resources */ = {
			isa = PBXResourcesBuildPhase;
			buildActionMask = 2147483647;
			files = (
				C3A3591921DDE8CE00E5C755 /* Assets.xcassets in Resources */,
				C3A3591C21DDE8CE00E5C755 /* Main.storyboard in Resources */,
			);
			runOnlyForDeploymentPostprocessing = 0;
		};
/* End PBXResourcesBuildPhase section */

/* Begin PBXShellScriptBuildPhase section */
		C304C76921D79FA50090B389 /* Carthage */ = {
			isa = PBXShellScriptBuildPhase;
			buildActionMask = 2147483647;
			files = (
			);
			inputFileListPaths = (
			);
			inputPaths = (
				"$(SRCROOT)/Carthage/Build/iOS/FlatBuffersSwift.framework",
			);
			name = Carthage;
			outputFileListPaths = (
			);
			outputPaths = (
				"$(BUILT_PRODUCTS_DIR)/$(FRAMEWORKS_FOLDER_PATH)/FlatBuffersSwift.framework",
			);
			runOnlyForDeploymentPostprocessing = 0;
			shellPath = /bin/sh;
			shellScript = "/usr/local/bin/carthage copy-frameworks\n";
		};
		C330535E21B28A1200A77CA2 /* SwiftLint */ = {
			isa = PBXShellScriptBuildPhase;
			buildActionMask = 2147483647;
			files = (
			);
			inputFileListPaths = (
			);
			inputPaths = (
			);
			name = SwiftLint;
			outputFileListPaths = (
			);
			outputPaths = (
			);
			runOnlyForDeploymentPostprocessing = 0;
			shellPath = /bin/sh;
			shellScript = "if which swiftlint >/dev/null; then\n    swiftlint\nelse\n    echo \"warning: SwiftLint not installed, download from https://github.com/realm/SwiftLint\"\nfi\n";
		};
		C330535F21B28A3B00A77CA2 /* SwiftLint */ = {
			isa = PBXShellScriptBuildPhase;
			buildActionMask = 2147483647;
			files = (
			);
			inputFileListPaths = (
			);
			inputPaths = (
			);
			name = SwiftLint;
			outputFileListPaths = (
			);
			outputPaths = (
			);
			runOnlyForDeploymentPostprocessing = 0;
			shellPath = /bin/sh;
			shellScript = "if which swiftlint >/dev/null; then\n    swiftlint\nelse\n    echo \"warning: SwiftLint not installed, download from https://github.com/realm/SwiftLint\"\nfi\n";
		};
/* End PBXShellScriptBuildPhase section */

/* Begin PBXSourcesBuildPhase section */
		C330530A21B1AC9E00A77CA2 /* Sources */ = {
			isa = PBXSourcesBuildPhase;
			buildActionMask = 2147483647;
			files = (
				C3B78DC521DC05C200DFECE3 /* Node.swift in Sources */,
				C330535D21B287DA00A77CA2 /* Trie.swift in Sources */,
				C330536621B3E5A100A77CA2 /* TrieNode.swift in Sources */,
				C3B78DBF21D7E2F000DFECE3 /* String.swift in Sources */,
				C330536921B41F9800A77CA2 /* MinValueDictionary.swift in Sources */,
				C3B78DD421DD252300DFECE3 /* Array.swift in Sources */,
				C3B78DBB21D7E0B300DFECE3 /* SerializedNodes.swift in Sources */,
				C39372BE21DFA1620039C1EC /* Character.swift in Sources */,
			);
			runOnlyForDeploymentPostprocessing = 0;
		};
		C330532821B1DFC600A77CA2 /* Sources */ = {
			isa = PBXSourcesBuildPhase;
			buildActionMask = 2147483647;
			files = (
				C330536321B290CF00A77CA2 /* TrieTests.swift in Sources */,
				C330535621B1E1DB00A77CA2 /* NodeTests.swift in Sources */,
				C3B78DCB21DC0D5100DFECE3 /* NodeSearchTests.swift in Sources */,
			);
			runOnlyForDeploymentPostprocessing = 0;
		};
		C330533921B1E17400A77CA2 /* Sources */ = {
			isa = PBXSourcesBuildPhase;
			buildActionMask = 2147483647;
			files = (
				C3B78DC621DC05C200DFECE3 /* Node.swift in Sources */,
				C330536021B28A5600A77CA2 /* Trie.swift in Sources */,
				C330536721B3E5B600A77CA2 /* TrieNode.swift in Sources */,
				C3B78DC021D7E2F000DFECE3 /* String.swift in Sources */,
				C3C31EF321D3E7B5005A3C6C /* MinValueDictionary.swift in Sources */,
				C3B78DD521DD252400DFECE3 /* Array.swift in Sources */,
				C3B78DBC21D7E0B300DFECE3 /* SerializedNodes.swift in Sources */,
			);
			runOnlyForDeploymentPostprocessing = 0;
		};
		C330534121B1E17500A77CA2 /* Sources */ = {
			isa = PBXSourcesBuildPhase;
			buildActionMask = 2147483647;
			files = (
				C330536421B290CF00A77CA2 /* TrieTests.swift in Sources */,
				C330535721B1E1DC00A77CA2 /* NodeTests.swift in Sources */,
				C3B78DCC21DC0D5100DFECE3 /* NodeSearchTests.swift in Sources */,
			);
			runOnlyForDeploymentPostprocessing = 0;
		};
		C3A3590E21DDE8CD00E5C755 /* Sources */ = {
			isa = PBXSourcesBuildPhase;
			buildActionMask = 2147483647;
			files = (
				C3A3591721DDE8CD00E5C755 /* ViewController.swift in Sources */,
				C301CFBD21DE73490089F770 /* NSOpenPanel.swift in Sources */,
				C3A3591521DDE8CD00E5C755 /* AppDelegate.swift in Sources */,
			);
			runOnlyForDeploymentPostprocessing = 0;
		};
/* End PBXSourcesBuildPhase section */

/* Begin PBXTargetDependency section */
		C330533321B1DFC600A77CA2 /* PBXTargetDependency */ = {
			isa = PBXTargetDependency;
			target = C330530D21B1AC9E00A77CA2 /* Dawg macOS */;
			targetProxy = C330533221B1DFC600A77CA2 /* PBXContainerItemProxy */;
		};
		C330534821B1E17500A77CA2 /* PBXTargetDependency */ = {
			isa = PBXTargetDependency;
			target = C330533C21B1E17400A77CA2 /* Dawg iOS */;
			targetProxy = C330534721B1E17500A77CA2 /* PBXContainerItemProxy */;
		};
		C3A3592421DE678100E5C755 /* PBXTargetDependency */ = {
			isa = PBXTargetDependency;
			target = C330530D21B1AC9E00A77CA2 /* Dawg macOS */;
			targetProxy = C3A3592321DE678100E5C755 /* PBXContainerItemProxy */;
		};
/* End PBXTargetDependency section */

/* Begin PBXVariantGroup section */
		C3A3591A21DDE8CE00E5C755 /* Main.storyboard */ = {
			isa = PBXVariantGroup;
			children = (
				C3A3591B21DDE8CE00E5C755 /* Base */,
			);
			name = Main.storyboard;
			sourceTree = "<group>";
		};
/* End PBXVariantGroup section */

/* Begin XCBuildConfiguration section */
		C330532021B1AC9E00A77CA2 /* Debug */ = {
			isa = XCBuildConfiguration;
			buildSettings = {
				CODE_SIGN_IDENTITY = "-";
				CODE_SIGN_STYLE = Automatic;
				COMBINE_HIDPI_IMAGES = YES;
				DEFINES_MODULE = YES;
				DYLIB_COMPATIBILITY_VERSION = 1;
				DYLIB_CURRENT_VERSION = 1;
				DYLIB_INSTALL_NAME_BASE = "@rpath";
				FRAMEWORK_SEARCH_PATHS = (
					"$(inherited)",
					"$(PROJECT_DIR)/Carthage/Build/Mac",
				);
				FRAMEWORK_VERSION = A;
				INFOPLIST_FILE = "Sources/Info-macOS.plist";
				INSTALL_PATH = "$(LOCAL_LIBRARY_DIR)/Frameworks";
				LD_RUNPATH_SEARCH_PATHS = (
					"$(inherited)",
					"@executable_path/../Frameworks",
					"@loader_path/Frameworks",
				);
				MACOSX_DEPLOYMENT_TARGET = 10.14;
				PRODUCT_BUNDLE_IDENTIFIER = "human.solutions.$(PROJECT_NAME)";
				PRODUCT_NAME = "$(PROJECT_NAME)";
				SDKROOT = macosx;
				SKIP_INSTALL = YES;
				SWIFT_VERSION = 4.2;
			};
			name = Debug;
		};
		C330532121B1AC9E00A77CA2 /* Release */ = {
			isa = XCBuildConfiguration;
			buildSettings = {
				CODE_SIGN_IDENTITY = "-";
				CODE_SIGN_STYLE = Automatic;
				COMBINE_HIDPI_IMAGES = YES;
				DEFINES_MODULE = YES;
				DYLIB_COMPATIBILITY_VERSION = 1;
				DYLIB_CURRENT_VERSION = 1;
				DYLIB_INSTALL_NAME_BASE = "@rpath";
				FRAMEWORK_SEARCH_PATHS = (
					"$(inherited)",
					"$(PROJECT_DIR)/Carthage/Build/Mac",
				);
				FRAMEWORK_VERSION = A;
				INFOPLIST_FILE = "Sources/Info-macOS.plist";
				INSTALL_PATH = "$(LOCAL_LIBRARY_DIR)/Frameworks";
				LD_RUNPATH_SEARCH_PATHS = (
					"$(inherited)",
					"@executable_path/../Frameworks",
					"@loader_path/Frameworks",
				);
				MACOSX_DEPLOYMENT_TARGET = 10.14;
				PRODUCT_BUNDLE_IDENTIFIER = "human.solutions.$(PROJECT_NAME)";
				PRODUCT_NAME = "$(PROJECT_NAME)";
				SDKROOT = macosx;
				SKIP_INSTALL = YES;
				SWIFT_VERSION = 4.2;
			};
			name = Release;
		};
		C330533521B1DFC600A77CA2 /* Debug */ = {
			isa = XCBuildConfiguration;
			buildSettings = {
				CODE_SIGN_IDENTITY = "-";
				CODE_SIGN_STYLE = Automatic;
				COMBINE_HIDPI_IMAGES = YES;
				INFOPLIST_FILE = "Tests/Info-macOS.plist";
				LD_RUNPATH_SEARCH_PATHS = (
					"$(inherited)",
					"@executable_path/../Frameworks",
					"@loader_path/../Frameworks",
				);
				MACOSX_DEPLOYMENT_TARGET = 10.14;
				PRODUCT_BUNDLE_IDENTIFIER = "human.solutions.dawg.DawgTests-macOS";
				PRODUCT_NAME = "$(TARGET_NAME)";
				SDKROOT = macosx;
				SWIFT_VERSION = 4.2;
			};
			name = Debug;
		};
		C330533621B1DFC600A77CA2 /* Release */ = {
			isa = XCBuildConfiguration;
			buildSettings = {
				CODE_SIGN_IDENTITY = "-";
				CODE_SIGN_STYLE = Automatic;
				COMBINE_HIDPI_IMAGES = YES;
				INFOPLIST_FILE = "Tests/Info-macOS.plist";
				LD_RUNPATH_SEARCH_PATHS = (
					"$(inherited)",
					"@executable_path/../Frameworks",
					"@loader_path/../Frameworks",
				);
				MACOSX_DEPLOYMENT_TARGET = 10.14;
				PRODUCT_BUNDLE_IDENTIFIER = "human.solutions.dawg.DawgTests-macOS";
				PRODUCT_NAME = "$(TARGET_NAME)";
				SDKROOT = macosx;
				SWIFT_VERSION = 4.2;
			};
			name = Release;
		};
		C330534F21B1E17500A77CA2 /* Debug */ = {
			isa = XCBuildConfiguration;
			buildSettings = {
				CODE_SIGN_IDENTITY = "";
				CODE_SIGN_STYLE = Automatic;
				DEFINES_MODULE = YES;
				DYLIB_COMPATIBILITY_VERSION = 1;
				DYLIB_CURRENT_VERSION = 1;
				DYLIB_INSTALL_NAME_BASE = "@rpath";
				FRAMEWORK_SEARCH_PATHS = (
					"$(inherited)",
					"$(PROJECT_DIR)/Carthage/Build/iOS",
				);
				INFOPLIST_FILE = "Sources/Info-iOS.plist";
				INSTALL_PATH = "$(LOCAL_LIBRARY_DIR)/Frameworks";
				LD_RUNPATH_SEARCH_PATHS = (
					"$(inherited)",
					"@executable_path/Frameworks",
					"@loader_path/Frameworks",
				);
				PRODUCT_BUNDLE_IDENTIFIER = "human.solutions.$(PROJECT_NAME)";
				PRODUCT_NAME = "$(PROJECT_NAME)";
				SKIP_INSTALL = YES;
				SWIFT_VERSION = 4.2;
				TARGETED_DEVICE_FAMILY = "1,2";
			};
			name = Debug;
		};
		C330535021B1E17500A77CA2 /* Release */ = {
			isa = XCBuildConfiguration;
			buildSettings = {
				CODE_SIGN_IDENTITY = "";
				CODE_SIGN_STYLE = Automatic;
				DEFINES_MODULE = YES;
				DYLIB_COMPATIBILITY_VERSION = 1;
				DYLIB_CURRENT_VERSION = 1;
				DYLIB_INSTALL_NAME_BASE = "@rpath";
				FRAMEWORK_SEARCH_PATHS = (
					"$(inherited)",
					"$(PROJECT_DIR)/Carthage/Build/iOS",
				);
				INFOPLIST_FILE = "Sources/Info-iOS.plist";
				INSTALL_PATH = "$(LOCAL_LIBRARY_DIR)/Frameworks";
				LD_RUNPATH_SEARCH_PATHS = (
					"$(inherited)",
					"@executable_path/Frameworks",
					"@loader_path/Frameworks",
				);
				PRODUCT_BUNDLE_IDENTIFIER = "human.solutions.$(PROJECT_NAME)";
				PRODUCT_NAME = "$(PROJECT_NAME)";
				SKIP_INSTALL = YES;
				SWIFT_VERSION = 4.2;
				TARGETED_DEVICE_FAMILY = "1,2";
			};
			name = Release;
		};
		C330535221B1E17500A77CA2 /* Debug */ = {
			isa = XCBuildConfiguration;
			buildSettings = {
				ALWAYS_EMBED_SWIFT_STANDARD_LIBRARIES = YES;
				CODE_SIGN_STYLE = Automatic;
				FRAMEWORK_SEARCH_PATHS = (
					"$(SRCROOT)/Carthage/Build/iOS/**",
					"$(PROJECT_DIR)/Carthage/Build/Mac",
				);
				INFOPLIST_FILE = "Tests/Info-iOS.plist";
				LD_RUNPATH_SEARCH_PATHS = (
					"$(inherited)",
					"@executable_path/Frameworks",
					"@loader_path/Frameworks",
				);
				PRODUCT_BUNDLE_IDENTIFIER = "human.solutions.dawg.Dawg-iOSTests";
				PRODUCT_NAME = "$(TARGET_NAME)";
				SWIFT_VERSION = 4.2;
				TARGETED_DEVICE_FAMILY = "1,2";
			};
			name = Debug;
		};
		C330535321B1E17500A77CA2 /* Release */ = {
			isa = XCBuildConfiguration;
			buildSettings = {
				ALWAYS_EMBED_SWIFT_STANDARD_LIBRARIES = YES;
				CODE_SIGN_STYLE = Automatic;
				FRAMEWORK_SEARCH_PATHS = (
					"$(SRCROOT)/Carthage/Build/iOS/**",
					"$(PROJECT_DIR)/Carthage/Build/Mac",
				);
				INFOPLIST_FILE = "Tests/Info-iOS.plist";
				LD_RUNPATH_SEARCH_PATHS = (
					"$(inherited)",
					"@executable_path/Frameworks",
					"@loader_path/Frameworks",
				);
				PRODUCT_BUNDLE_IDENTIFIER = "human.solutions.dawg.Dawg-iOSTests";
				PRODUCT_NAME = "$(TARGET_NAME)";
				SWIFT_VERSION = 4.2;
				TARGETED_DEVICE_FAMILY = "1,2";
			};
			name = Release;
		};
		C3A3591F21DDE8CE00E5C755 /* Debug */ = {
			isa = XCBuildConfiguration;
			buildSettings = {
				ASSETCATALOG_COMPILER_APPICON_NAME = AppIcon;
				CODE_SIGN_IDENTITY = "-";
				CODE_SIGN_STYLE = Automatic;
				COMBINE_HIDPI_IMAGES = YES;
				INFOPLIST_FILE = DawgConvert/Info.plist;
				LD_RUNPATH_SEARCH_PATHS = (
					"$(inherited)",
					"@executable_path/../Frameworks",
				);
				MACOSX_DEPLOYMENT_TARGET = 10.14;
				PRODUCT_BUNDLE_IDENTIFIER = human.solutions.DawgConvert;
				PRODUCT_NAME = "$(TARGET_NAME)";
				SDKROOT = macosx;
				SWIFT_VERSION = 4.2;
			};
			name = Debug;
		};
		C3A3592021DDE8CE00E5C755 /* Release */ = {
			isa = XCBuildConfiguration;
			buildSettings = {
				ASSETCATALOG_COMPILER_APPICON_NAME = AppIcon;
				CODE_SIGN_IDENTITY = "-";
				CODE_SIGN_STYLE = Automatic;
				COMBINE_HIDPI_IMAGES = YES;
				INFOPLIST_FILE = DawgConvert/Info.plist;
				LD_RUNPATH_SEARCH_PATHS = (
					"$(inherited)",
					"@executable_path/../Frameworks",
				);
				MACOSX_DEPLOYMENT_TARGET = 10.14;
				PRODUCT_BUNDLE_IDENTIFIER = human.solutions.DawgConvert;
				PRODUCT_NAME = "$(TARGET_NAME)";
				SDKROOT = macosx;
				SWIFT_VERSION = 4.2;
			};
			name = Release;
		};
		C3FA7E5721B1A7EB0077C0A2 /* Debug */ = {
			isa = XCBuildConfiguration;
			buildSettings = {
				ALWAYS_SEARCH_USER_PATHS = NO;
				CLANG_ANALYZER_NONNULL = YES;
				CLANG_ANALYZER_NUMBER_OBJECT_CONVERSION = YES_AGGRESSIVE;
				CLANG_CXX_LANGUAGE_STANDARD = "gnu++14";
				CLANG_CXX_LIBRARY = "libc++";
				CLANG_ENABLE_MODULES = YES;
				CLANG_ENABLE_OBJC_ARC = YES;
				CLANG_ENABLE_OBJC_WEAK = YES;
				CLANG_WARN_BLOCK_CAPTURE_AUTORELEASING = YES;
				CLANG_WARN_BOOL_CONVERSION = YES;
				CLANG_WARN_COMMA = YES;
				CLANG_WARN_CONSTANT_CONVERSION = YES;
				CLANG_WARN_DEPRECATED_OBJC_IMPLEMENTATIONS = YES;
				CLANG_WARN_DIRECT_OBJC_ISA_USAGE = YES_ERROR;
				CLANG_WARN_DOCUMENTATION_COMMENTS = YES;
				CLANG_WARN_EMPTY_BODY = YES;
				CLANG_WARN_ENUM_CONVERSION = YES;
				CLANG_WARN_INFINITE_RECURSION = YES;
				CLANG_WARN_INT_CONVERSION = YES;
				CLANG_WARN_NON_LITERAL_NULL_CONVERSION = YES;
				CLANG_WARN_OBJC_IMPLICIT_RETAIN_SELF = YES;
				CLANG_WARN_OBJC_LITERAL_CONVERSION = YES;
				CLANG_WARN_OBJC_ROOT_CLASS = YES_ERROR;
				CLANG_WARN_RANGE_LOOP_ANALYSIS = YES;
				CLANG_WARN_STRICT_PROTOTYPES = YES;
				CLANG_WARN_SUSPICIOUS_MOVE = YES;
				CLANG_WARN_UNGUARDED_AVAILABILITY = YES_AGGRESSIVE;
				CLANG_WARN_UNREACHABLE_CODE = YES;
				CLANG_WARN__DUPLICATE_METHOD_MATCH = YES;
				CODE_SIGN_IDENTITY = "iPhone Developer";
				COPY_PHASE_STRIP = NO;
				CURRENT_PROJECT_VERSION = 1;
				DEBUG_INFORMATION_FORMAT = dwarf;
				ENABLE_STRICT_OBJC_MSGSEND = YES;
				ENABLE_TESTABILITY = YES;
				GCC_C_LANGUAGE_STANDARD = gnu11;
				GCC_DYNAMIC_NO_PIC = NO;
				GCC_NO_COMMON_BLOCKS = YES;
				GCC_OPTIMIZATION_LEVEL = 0;
				GCC_PREPROCESSOR_DEFINITIONS = (
					"DEBUG=1",
					"$(inherited)",
				);
				GCC_WARN_64_TO_32_BIT_CONVERSION = YES;
				GCC_WARN_ABOUT_RETURN_TYPE = YES_ERROR;
				GCC_WARN_UNDECLARED_SELECTOR = YES;
				GCC_WARN_UNINITIALIZED_AUTOS = YES_AGGRESSIVE;
				GCC_WARN_UNUSED_FUNCTION = YES;
				GCC_WARN_UNUSED_VARIABLE = YES;
				IPHONEOS_DEPLOYMENT_TARGET = 12.1;
				MTL_ENABLE_DEBUG_INFO = INCLUDE_SOURCE;
				MTL_FAST_MATH = YES;
				ONLY_ACTIVE_ARCH = YES;
				SDKROOT = iphoneos;
				SWIFT_ACTIVE_COMPILATION_CONDITIONS = DEBUG;
				SWIFT_OPTIMIZATION_LEVEL = "-Onone";
				VERSIONING_SYSTEM = "apple-generic";
				VERSION_INFO_PREFIX = "";
			};
			name = Debug;
		};
		C3FA7E5821B1A7EB0077C0A2 /* Release */ = {
			isa = XCBuildConfiguration;
			buildSettings = {
				ALWAYS_SEARCH_USER_PATHS = NO;
				CLANG_ANALYZER_NONNULL = YES;
				CLANG_ANALYZER_NUMBER_OBJECT_CONVERSION = YES_AGGRESSIVE;
				CLANG_CXX_LANGUAGE_STANDARD = "gnu++14";
				CLANG_CXX_LIBRARY = "libc++";
				CLANG_ENABLE_MODULES = YES;
				CLANG_ENABLE_OBJC_ARC = YES;
				CLANG_ENABLE_OBJC_WEAK = YES;
				CLANG_WARN_BLOCK_CAPTURE_AUTORELEASING = YES;
				CLANG_WARN_BOOL_CONVERSION = YES;
				CLANG_WARN_COMMA = YES;
				CLANG_WARN_CONSTANT_CONVERSION = YES;
				CLANG_WARN_DEPRECATED_OBJC_IMPLEMENTATIONS = YES;
				CLANG_WARN_DIRECT_OBJC_ISA_USAGE = YES_ERROR;
				CLANG_WARN_DOCUMENTATION_COMMENTS = YES;
				CLANG_WARN_EMPTY_BODY = YES;
				CLANG_WARN_ENUM_CONVERSION = YES;
				CLANG_WARN_INFINITE_RECURSION = YES;
				CLANG_WARN_INT_CONVERSION = YES;
				CLANG_WARN_NON_LITERAL_NULL_CONVERSION = YES;
				CLANG_WARN_OBJC_IMPLICIT_RETAIN_SELF = YES;
				CLANG_WARN_OBJC_LITERAL_CONVERSION = YES;
				CLANG_WARN_OBJC_ROOT_CLASS = YES_ERROR;
				CLANG_WARN_RANGE_LOOP_ANALYSIS = YES;
				CLANG_WARN_STRICT_PROTOTYPES = YES;
				CLANG_WARN_SUSPICIOUS_MOVE = YES;
				CLANG_WARN_UNGUARDED_AVAILABILITY = YES_AGGRESSIVE;
				CLANG_WARN_UNREACHABLE_CODE = YES;
				CLANG_WARN__DUPLICATE_METHOD_MATCH = YES;
				CODE_SIGN_IDENTITY = "iPhone Developer";
				COPY_PHASE_STRIP = NO;
				CURRENT_PROJECT_VERSION = 1;
				DEBUG_INFORMATION_FORMAT = "dwarf-with-dsym";
				ENABLE_NS_ASSERTIONS = NO;
				ENABLE_STRICT_OBJC_MSGSEND = YES;
				GCC_C_LANGUAGE_STANDARD = gnu11;
				GCC_NO_COMMON_BLOCKS = YES;
				GCC_WARN_64_TO_32_BIT_CONVERSION = YES;
				GCC_WARN_ABOUT_RETURN_TYPE = YES_ERROR;
				GCC_WARN_UNDECLARED_SELECTOR = YES;
				GCC_WARN_UNINITIALIZED_AUTOS = YES_AGGRESSIVE;
				GCC_WARN_UNUSED_FUNCTION = YES;
				GCC_WARN_UNUSED_VARIABLE = YES;
				IPHONEOS_DEPLOYMENT_TARGET = 12.1;
				MTL_ENABLE_DEBUG_INFO = NO;
				MTL_FAST_MATH = YES;
				SDKROOT = iphoneos;
				SWIFT_COMPILATION_MODE = wholemodule;
				SWIFT_OPTIMIZATION_LEVEL = "-O";
				VALIDATE_PRODUCT = YES;
				VERSIONING_SYSTEM = "apple-generic";
				VERSION_INFO_PREFIX = "";
			};
			name = Release;
		};
/* End XCBuildConfiguration section */

/* Begin XCConfigurationList section */
		C330531F21B1AC9E00A77CA2 /* Build configuration list for PBXNativeTarget "Dawg macOS" */ = {
			isa = XCConfigurationList;
			buildConfigurations = (
				C330532021B1AC9E00A77CA2 /* Debug */,
				C330532121B1AC9E00A77CA2 /* Release */,
			);
			defaultConfigurationIsVisible = 0;
			defaultConfigurationName = Release;
		};
		C330533421B1DFC600A77CA2 /* Build configuration list for PBXNativeTarget "DawgTests macOS" */ = {
			isa = XCConfigurationList;
			buildConfigurations = (
				C330533521B1DFC600A77CA2 /* Debug */,
				C330533621B1DFC600A77CA2 /* Release */,
			);
			defaultConfigurationIsVisible = 0;
			defaultConfigurationName = Release;
		};
		C330534E21B1E17500A77CA2 /* Build configuration list for PBXNativeTarget "Dawg iOS" */ = {
			isa = XCConfigurationList;
			buildConfigurations = (
				C330534F21B1E17500A77CA2 /* Debug */,
				C330535021B1E17500A77CA2 /* Release */,
			);
			defaultConfigurationIsVisible = 0;
			defaultConfigurationName = Release;
		};
		C330535121B1E17500A77CA2 /* Build configuration list for PBXNativeTarget "Dawg iOSTests" */ = {
			isa = XCConfigurationList;
			buildConfigurations = (
				C330535221B1E17500A77CA2 /* Debug */,
				C330535321B1E17500A77CA2 /* Release */,
			);
			defaultConfigurationIsVisible = 0;
			defaultConfigurationName = Release;
		};
		C3A3592121DDE8CE00E5C755 /* Build configuration list for PBXNativeTarget "DawgConvert" */ = {
			isa = XCConfigurationList;
			buildConfigurations = (
				C3A3591F21DDE8CE00E5C755 /* Debug */,
				C3A3592021DDE8CE00E5C755 /* Release */,
			);
			defaultConfigurationIsVisible = 0;
			defaultConfigurationName = Release;
		};
		C3FA7E3F21B1A7EB0077C0A2 /* Build configuration list for PBXProject "dawg" */ = {
			isa = XCConfigurationList;
			buildConfigurations = (
				C3FA7E5721B1A7EB0077C0A2 /* Debug */,
				C3FA7E5821B1A7EB0077C0A2 /* Release */,
			);
			defaultConfigurationIsVisible = 0;
			defaultConfigurationName = Release;
		};
/* End XCConfigurationList section */
	};
	rootObject = C3FA7E3C21B1A7EB0077C0A2 /* Project object */;
}
